
Microsoft Visual Studio Solution File, Format Version 12.00
# Visual Studio Version 16
VisualStudioVersion = 16.0.32002.261
MinimumVisualStudioVersion = 10.0.40219.1
Project("{FAE04EC0-301F-11D3-BF4B-00C04F79EFBC}") = "Tax", "Tax\Tax.csproj", "{7EC79602-207F-4F3B-B4DF-4B8553119D08}"
EndProject
Global
	GlobalSection(SolutionConfigurationPlatforms) = preSolution
		Debug|Any CPU = Debug|Any CPU
		Release|Any CPU = Release|Any CPU
	EndGlobalSection
	GlobalSection(ProjectConfigurationPlatforms) = postSolution
		{7EC79602-207F-4F3B-B4DF-4B8553119D08}.Debug|Any CPU.ActiveCfg = Debug|Any CPU
		{7EC79602-207F-4F3B-B4DF-4B8553119D08}.Debug|Any CPU.Build.0 = Debug|Any CPU
		{7EC79602-207F-4F3B-B4DF-4B8553119D08}.Release|Any CPU.ActiveCfg = Release|Any CPU
		{7EC79602-207F-4F3B-B4DF-4B8553119D08}.Release|Any CPU.Build.0 = Release|Any CPU
	EndGlobalSection
	GlobalSection(SolutionProperties) = preSolution
		HideSolutionNode = FALSE
	EndGlobalSection
	GlobalSection(ExtensibilityGlobals) = postSolution
		SolutionGuid = {7E3AE472-D9AC-484D-9119-CBE23A029157}
	EndGlobalSection
EndGlobal
